
Microsoft Visual Studio Solution File, Format Version 12.00
# Visual Studio Version 17
VisualStudioVersion = 17.4.33213.308
MinimumVisualStudioVersion = 10.0.40219.1
Project("{9A19103F-16F7-4668-BE54-9A1E7A4F7556}") = "Inventario", "Inventario.csproj", "{0FB7EE54-E814-440D-A56B-A5F31730384C}"
EndProject
Global
	GlobalSection(SolutionConfigurationPlatforms) = preSolution
		Debug|Any CPU = Debug|Any CPU
		Release|Any CPU = Release|Any CPU
	EndGlobalSection
	GlobalSection(ProjectConfigurationPlatforms) = postSolution
		{0FB7EE54-E814-440D-A56B-A5F31730384C}.Debug|Any CPU.ActiveCfg = Debug|Any CPU
		{0FB7EE54-E814-440D-A56B-A5F31730384C}.Debug|Any CPU.Build.0 = Debug|Any CPU
		{0FB7EE54-E814-440D-A56B-A5F31730384C}.Release|Any CPU.ActiveCfg = Release|Any CPU
		{0FB7EE54-E814-440D-A56B-A5F31730384C}.Release|Any CPU.Build.0 = Release|Any CPU
	EndGlobalSection
	GlobalSection(SolutionProperties) = preSolution
		HideSolutionNode = FALSE
	EndGlobalSection
	GlobalSection(ExtensibilityGlobals) = postSolution
		SolutionGuid = {B074D690-E3F5-4A31-A6AF-DFA4C9E087DF}
	EndGlobalSection
EndGlobal
